
Microsoft Visual Studio Solution File, Format Version 12.00
# Visual Studio 15
VisualStudioVersion = 15.0.28010.2016
MinimumVisualStudioVersion = 10.0.40219.1
Project("{FAE04EC0-301F-11D3-BF4B-00C04F79EFBC}") = "AudioWithLVC", "AudioWithLVC\AudioWithLVC.csproj", "{62BF29DA-6441-4D94-B48C-8D7A460E616D}"
EndProject
Global
	GlobalSection(SolutionConfigurationPlatforms) = preSolution
		Debug|Any CPU = Debug|Any CPU
		Release|Any CPU = Release|Any CPU
	EndGlobalSection
	GlobalSection(ProjectConfigurationPlatforms) = postSolution
		{62BF29DA-6441-4D94-B48C-8D7A460E616D}.Debug|Any CPU.ActiveCfg = Debug|Any CPU
		{62BF29DA-6441-4D94-B48C-8D7A460E616D}.Debug|Any CPU.Build.0 = Debug|Any CPU
		{62BF29DA-6441-4D94-B48C-8D7A460E616D}.Release|Any CPU.ActiveCfg = Release|Any CPU
		{62BF29DA-6441-4D94-B48C-8D7A460E616D}.Release|Any CPU.Build.0 = Release|Any CPU
	EndGlobalSection
	GlobalSection(SolutionProperties) = preSolution
		HideSolutionNode = FALSE
	EndGlobalSection
	GlobalSection(ExtensibilityGlobals) = postSolution
		SolutionGuid = {8DADAAB7-090C-4F7B-B4B2-5EC7D7AAB99C}
	EndGlobalSection
EndGlobal
